
Microsoft Visual Studio Solution File, Format Version 12.00
# Visual Studio Version 16
VisualStudioVersion = 16.0.31624.102
MinimumVisualStudioVersion = 10.0.40219.1
Project("{9A19103F-16F7-4668-BE54-9A1E7A4F7556}") = "lab-1", "lab-1\lab-1.csproj", "{601621B9-F12E-45A5-AC53-64862AF51550}"
EndProject
Project("{9A19103F-16F7-4668-BE54-9A1E7A4F7556}") = "lab22", "lab22\lab22.csproj", "{8C6FE7D3-9CC2-4335-A0D6-075D5E324DC8}"
EndProject
Project("{9A19103F-16F7-4668-BE54-9A1E7A4F7556}") = "lab3", "lab3\lab3.csproj", "{664B0DA2-DF3C-4E75-93DD-AD01BC29C7AE}"
EndProject
Project("{9A19103F-16F7-4668-BE54-9A1E7A4F7556}") = "lab3-zadanie", "lab3-zadanie\lab3-zadanie.csproj", "{65F60564-8D59-49B1-B6B3-8A40316325F6}"
EndProject
Project("{9A19103F-16F7-4668-BE54-9A1E7A4F7556}") = "lab5", "lab5\lab5.csproj", "{E3DC1C08-7295-404F-A12B-0CEA9C5D7E92}"
EndProject
Project("{9A19103F-16F7-4668-BE54-9A1E7A4F7556}") = "lab6", "lab6\lab6.csproj", "{BF009488-54A8-4961-A81B-0445596B6DBA}"
EndProject
Project("{9A19103F-16F7-4668-BE54-9A1E7A4F7556}") = "lab8", "lab8\lab8.csproj", "{48A2011A-CAAF-4B3C-B93F-ACAEC143BBDD}"
EndProject
Project("{9A19103F-16F7-4668-BE54-9A1E7A4F7556}") = "lab8-zad", "lab8-zad\lab8-zad.csproj", "{39A5482E-249A-4C8B-A28E-D211C75CC561}"
EndProject
Project("{9A19103F-16F7-4668-BE54-9A1E7A4F7556}") = "lab9", "lab9\lab9.csproj", "{344DF19F-ACB7-4401-A41A-3A411B3F7E55}"
EndProject
Project("{FAE04EC0-301F-11D3-BF4B-00C04F79EFBC}") = "lab4-zalegle", "lab4-zalegle\lab4-zalegle.csproj", "{F3D176DC-7CB0-43AD-83EB-5C56D0DFDF47}"
EndProject
Global
	GlobalSection(SolutionConfigurationPlatforms) = preSolution
		Debug|Any CPU = Debug|Any CPU
		Release|Any CPU = Release|Any CPU
	EndGlobalSection
	GlobalSection(ProjectConfigurationPlatforms) = postSolution
		{601621B9-F12E-45A5-AC53-64862AF51550}.Debug|Any CPU.ActiveCfg = Debug|Any CPU
		{601621B9-F12E-45A5-AC53-64862AF51550}.Debug|Any CPU.Build.0 = Debug|Any CPU
		{601621B9-F12E-45A5-AC53-64862AF51550}.Release|Any CPU.ActiveCfg = Release|Any CPU
		{601621B9-F12E-45A5-AC53-64862AF51550}.Release|Any CPU.Build.0 = Release|Any CPU
		{8C6FE7D3-9CC2-4335-A0D6-075D5E324DC8}.Debug|Any CPU.ActiveCfg = Debug|Any CPU
		{8C6FE7D3-9CC2-4335-A0D6-075D5E324DC8}.Debug|Any CPU.Build.0 = Debug|Any CPU
		{8C6FE7D3-9CC2-4335-A0D6-075D5E324DC8}.Release|Any CPU.ActiveCfg = Release|Any CPU
		{8C6FE7D3-9CC2-4335-A0D6-075D5E324DC8}.Release|Any CPU.Build.0 = Release|Any CPU
		{664B0DA2-DF3C-4E75-93DD-AD01BC29C7AE}.Debug|Any CPU.ActiveCfg = Debug|Any CPU
		{664B0DA2-DF3C-4E75-93DD-AD01BC29C7AE}.Debug|Any CPU.Build.0 = Debug|Any CPU
		{664B0DA2-DF3C-4E75-93DD-AD01BC29C7AE}.Release|Any CPU.ActiveCfg = Release|Any CPU
		{664B0DA2-DF3C-4E75-93DD-AD01BC29C7AE}.Release|Any CPU.Build.0 = Release|Any CPU
		{65F60564-8D59-49B1-B6B3-8A40316325F6}.Debug|Any CPU.ActiveCfg = Debug|Any CPU
		{65F60564-8D59-49B1-B6B3-8A40316325F6}.Debug|Any CPU.Build.0 = Debug|Any CPU
		{65F60564-8D59-49B1-B6B3-8A40316325F6}.Release|Any CPU.ActiveCfg = Release|Any CPU
		{65F60564-8D59-49B1-B6B3-8A40316325F6}.Release|Any CPU.Build.0 = Release|Any CPU
		{E3DC1C08-7295-404F-A12B-0CEA9C5D7E92}.Debug|Any CPU.ActiveCfg = Debug|Any CPU
		{E3DC1C08-7295-404F-A12B-0CEA9C5D7E92}.Debug|Any CPU.Build.0 = Debug|Any CPU
		{E3DC1C08-7295-404F-A12B-0CEA9C5D7E92}.Release|Any CPU.ActiveCfg = Release|Any CPU
		{E3DC1C08-7295-404F-A12B-0CEA9C5D7E92}.Release|Any CPU.Build.0 = Release|Any CPU
		{BF009488-54A8-4961-A81B-0445596B6DBA}.Debug|Any CPU.ActiveCfg = Debug|Any CPU
		{BF009488-54A8-4961-A81B-0445596B6DBA}.Debug|Any CPU.Build.0 = Debug|Any CPU
		{BF009488-54A8-4961-A81B-0445596B6DBA}.Release|Any CPU.ActiveCfg = Release|Any CPU
		{BF009488-54A8-4961-A81B-0445596B6DBA}.Release|Any CPU.Build.0 = Release|Any CPU
		{48A2011A-CAAF-4B3C-B93F-ACAEC143BBDD}.Debug|Any CPU.ActiveCfg = Debug|Any CPU
		{48A2011A-CAAF-4B3C-B93F-ACAEC143BBDD}.Debug|Any CPU.Build.0 = Debug|Any CPU
		{48A2011A-CAAF-4B3C-B93F-ACAEC143BBDD}.Release|Any CPU.ActiveCfg = Release|Any CPU
		{48A2011A-CAAF-4B3C-B93F-ACAEC143BBDD}.Release|Any CPU.Build.0 = Release|Any CPU
		{39A5482E-249A-4C8B-A28E-D211C75CC561}.Debug|Any CPU.ActiveCfg = Debug|Any CPU
		{39A5482E-249A-4C8B-A28E-D211C75CC561}.Debug|Any CPU.Build.0 = Debug|Any CPU
		{39A5482E-249A-4C8B-A28E-D211C75CC561}.Release|Any CPU.ActiveCfg = Release|Any CPU
		{39A5482E-249A-4C8B-A28E-D211C75CC561}.Release|Any CPU.Build.0 = Release|Any CPU
		{344DF19F-ACB7-4401-A41A-3A411B3F7E55}.Debug|Any CPU.ActiveCfg = Debug|Any CPU
		{344DF19F-ACB7-4401-A41A-3A411B3F7E55}.Debug|Any CPU.Build.0 = Debug|Any CPU
		{344DF19F-ACB7-4401-A41A-3A411B3F7E55}.Release|Any CPU.ActiveCfg = Release|Any CPU
		{344DF19F-ACB7-4401-A41A-3A411B3F7E55}.Release|Any CPU.Build.0 = Release|Any CPU
		{F3D176DC-7CB0-43AD-83EB-5C56D0DFDF47}.Debug|Any CPU.ActiveCfg = Debug|Any CPU
		{F3D176DC-7CB0-43AD-83EB-5C56D0DFDF47}.Debug|Any CPU.Build.0 = Debug|Any CPU
		{F3D176DC-7CB0-43AD-83EB-5C56D0DFDF47}.Release|Any CPU.ActiveCfg = Release|Any CPU
		{F3D176DC-7CB0-43AD-83EB-5C56D0DFDF47}.Release|Any CPU.Build.0 = Release|Any CPU
	EndGlobalSection
	GlobalSection(SolutionProperties) = preSolution
		HideSolutionNode = FALSE
	EndGlobalSection
	GlobalSection(ExtensibilityGlobals) = postSolution
		SolutionGuid = {67DD8328-CD2E-4E15-8336-78D570C03430}
	EndGlobalSection
EndGlobal
